
Microsoft Visual Studio Solution File, Format Version 12.00
# Visual Studio 15
VisualStudioVersion = 15.0.27130.2010
MinimumVisualStudioVersion = 10.0.40219.1
Project("{FAE04EC0-301F-11D3-BF4B-00C04F79EFBC}") = "Discord Avatar Rotator", "Discord Avatar Rotator\Discord Avatar Rotator.csproj", "{95AA288F-2363-46E5-885D-D9D6C18B7475}"
EndProject
Global
	GlobalSection(SolutionConfigurationPlatforms) = preSolution
		Debug|Any CPU = Debug|Any CPU
		Release|Any CPU = Release|Any CPU
	EndGlobalSection
	GlobalSection(ProjectConfigurationPlatforms) = postSolution
		{95AA288F-2363-46E5-885D-D9D6C18B7475}.Debug|Any CPU.ActiveCfg = Debug|Any CPU
		{95AA288F-2363-46E5-885D-D9D6C18B7475}.Debug|Any CPU.Build.0 = Debug|Any CPU
		{95AA288F-2363-46E5-885D-D9D6C18B7475}.Release|Any CPU.ActiveCfg = Release|Any CPU
		{95AA288F-2363-46E5-885D-D9D6C18B7475}.Release|Any CPU.Build.0 = Release|Any CPU
	EndGlobalSection
	GlobalSection(SolutionProperties) = preSolution
		HideSolutionNode = FALSE
	EndGlobalSection
	GlobalSection(ExtensibilityGlobals) = postSolution
		SolutionGuid = {C1FC19E9-C5FE-4DC0-8BD8-BAF2B045932B}
	EndGlobalSection
EndGlobal
